// !$*UTF8*$!
{
	archiveVersion = 1;
	classes = {
	};
	objectVersion = 50;
	objects = {

/* Begin PBXBuildFile section */
		B6075C1A22D66D0E00728A41 /* Helpers.swift in Sources */ = {isa = PBXBuildFile; fileRef = B6075C1922D66D0E00728A41 /* Helpers.swift */; };
		B6075C1D22D6773500728A41 /* GameloopVC.swift in Sources */ = {isa = PBXBuildFile; fileRef = B6075C1C22D6773500728A41 /* GameloopVC.swift */; };
		B6075C1F22D6796B00728A41 /* RoundedButton.swift in Sources */ = {isa = PBXBuildFile; fileRef = B6075C1E22D6796B00728A41 /* RoundedButton.swift */; };
		B6075C2322D67AC800728A41 /* HelpVC.swift in Sources */ = {isa = PBXBuildFile; fileRef = B6075C2122D67AC800728A41 /* HelpVC.swift */; };
		B6075C2622D67B0A00728A41 /* RoundedPopupView.swift in Sources */ = {isa = PBXBuildFile; fileRef = B6075C2522D67B0A00728A41 /* RoundedPopupView.swift */; };
		B627830B23C78E5B00030D63 /* ShadowedViews.swift in Sources */ = {isa = PBXBuildFile; fileRef = B627830A23C78E5B00030D63 /* ShadowedViews.swift */; };
		B635B68D23D8E39900F49645 /* ScoreEarnedView.swift in Sources */ = {isa = PBXBuildFile; fileRef = B635B68C23D8E39900F49645 /* ScoreEarnedView.swift */; };
		B6416DCD22DFC47E00620C43 /* UIViewExtension.swift in Sources */ = {isa = PBXBuildFile; fileRef = B6416DCC22DFC47E00620C43 /* UIViewExtension.swift */; };
		B64594E222E294B000A6D12F /* CVObject+CoreDataClass.swift in Sources */ = {isa = PBXBuildFile; fileRef = B64594E022E294B000A6D12F /* CVObject+CoreDataClass.swift */; };
		B64594E322E294B000A6D12F /* CVObject+CoreDataProperties.swift in Sources */ = {isa = PBXBuildFile; fileRef = B64594E122E294B000A6D12F /* CVObject+CoreDataProperties.swift */; };
		B64594E522E2951300A6D12F /* RawStringArrays.swift in Sources */ = {isa = PBXBuildFile; fileRef = B64594E422E2951300A6D12F /* RawStringArrays.swift */; };
		B647740122D6627200450B19 /* CGImagePropertyOrientation+UIImageOrientation.swift in Sources */ = {isa = PBXBuildFile; fileRef = B647740022D6627200450B19 /* CGImagePropertyOrientation+UIImageOrientation.swift */; };
		B647740422D662C600450B19 /* LaunchScreen.storyboard in Resources */ = {isa = PBXBuildFile; fileRef = B6F9F28422C41B0C000E95A4 /* LaunchScreen.storyboard */; };
		B647740722D663FF00450B19 /* norwester.otf in Resources */ = {isa = PBXBuildFile; fileRef = B647740622D663FF00450B19 /* norwester.otf */; };
		B65D829D22F385B500B2C8DD /* RankingVC.swift in Sources */ = {isa = PBXBuildFile; fileRef = B65D829C22F385B500B2C8DD /* RankingVC.swift */; };
		B660A25222FA610500169F4B /* TutorialPageVC.swift in Sources */ = {isa = PBXBuildFile; fileRef = B660A25122FA610500169F4B /* TutorialPageVC.swift */; };
		B690033E22D6922000463FA3 /* PlayerTurn.swift in Sources */ = {isa = PBXBuildFile; fileRef = B690033D22D6922000463FA3 /* PlayerTurn.swift */; };
		B69EAF2423C77FD600C589A2 /* UIViewControllerExtension.swift in Sources */ = {isa = PBXBuildFile; fileRef = B69EAF2323C77FD600C589A2 /* UIViewControllerExtension.swift */; };
		B6C9753F22F8DA3400E24579 /* HelpVC.xib in Resources */ = {isa = PBXBuildFile; fileRef = B6C9753D22F8DA3400E24579 /* HelpVC.xib */; };
		B6CE39BF22DFC5BA00381792 /* PlayerScore.swift in Sources */ = {isa = PBXBuildFile; fileRef = B6CE39BE22DFC5BA00381792 /* PlayerScore.swift */; };
		B6DED8F123BFB58C00D42EB7 /* CameraVideoVC.swift in Sources */ = {isa = PBXBuildFile; fileRef = B6DED8F023BFB58C00D42EB7 /* CameraVideoVC.swift */; };
		B6DED8F323BFC00300D42EB7 /* VisionRecognitionVC.swift in Sources */ = {isa = PBXBuildFile; fileRef = B6DED8F223BFC00300D42EB7 /* VisionRecognitionVC.swift */; };
		B6DED8F523BFC59000D42EB7 /* YOLOv3.mlmodel in Sources */ = {isa = PBXBuildFile; fileRef = B6DED8F423BFC59000D42EB7 /* YOLOv3.mlmodel */; };
		B6F9F27922C41B09000E95A4 /* AppDelegate.swift in Sources */ = {isa = PBXBuildFile; fileRef = B6F9F27822C41B09000E95A4 /* AppDelegate.swift */; };
		B6F9F27B22C41B09000E95A4 /* MainMenuVC.swift in Sources */ = {isa = PBXBuildFile; fileRef = B6F9F27A22C41B09000E95A4 /* MainMenuVC.swift */; };
		B6F9F27E22C41B09000E95A4 /* Main.storyboard in Resources */ = {isa = PBXBuildFile; fileRef = B6F9F27C22C41B09000E95A4 /* Main.storyboard */; };
		B6F9F28122C41B09000E95A4 /* VacationChallenge_ML.xcdatamodeld in Sources */ = {isa = PBXBuildFile; fileRef = B6F9F27F22C41B09000E95A4 /* VacationChallenge_ML.xcdatamodeld */; };
		B6F9F28322C41B0C000E95A4 /* Assets.xcassets in Resources */ = {isa = PBXBuildFile; fileRef = B6F9F28222C41B0C000E95A4 /* Assets.xcassets */; };
		B6FFD31A22EE0B5F006631FC /* WinnerVC.swift in Sources */ = {isa = PBXBuildFile; fileRef = B6FFD31822EE0B5F006631FC /* WinnerVC.swift */; };
/* End PBXBuildFile section */

/* Begin PBXFileReference section */
		B6075C1922D66D0E00728A41 /* Helpers.swift */ = {isa = PBXFileReference; lastKnownFileType = sourcecode.swift; path = Helpers.swift; sourceTree = "<group>"; };
		B6075C1C22D6773500728A41 /* GameloopVC.swift */ = {isa = PBXFileReference; lastKnownFileType = sourcecode.swift; path = GameloopVC.swift; sourceTree = "<group>"; };
		B6075C1E22D6796B00728A41 /* RoundedButton.swift */ = {isa = PBXFileReference; lastKnownFileType = sourcecode.swift; path = RoundedButton.swift; sourceTree = "<group>"; };
		B6075C2122D67AC800728A41 /* HelpVC.swift */ = {isa = PBXFileReference; lastKnownFileType = sourcecode.swift; path = HelpVC.swift; sourceTree = "<group>"; };
		B6075C2522D67B0A00728A41 /* RoundedPopupView.swift */ = {isa = PBXFileReference; lastKnownFileType = sourcecode.swift; path = RoundedPopupView.swift; sourceTree = "<group>"; };
		B627830A23C78E5B00030D63 /* ShadowedViews.swift */ = {isa = PBXFileReference; lastKnownFileType = sourcecode.swift; path = ShadowedViews.swift; sourceTree = "<group>"; };
		B635B68C23D8E39900F49645 /* ScoreEarnedView.swift */ = {isa = PBXFileReference; lastKnownFileType = sourcecode.swift; path = ScoreEarnedView.swift; sourceTree = "<group>"; };
		B64035E422F39083005A5ECB /* CDPlayer+CoreDataClass.swift */ = {isa = PBXFileReference; lastKnownFileType = sourcecode.swift; path = "CDPlayer+CoreDataClass.swift"; sourceTree = "<group>"; };
		B64035E522F39083005A5ECB /* CDPlayer+CoreDataProperties.swift */ = {isa = PBXFileReference; lastKnownFileType = sourcecode.swift; path = "CDPlayer+CoreDataProperties.swift"; sourceTree = "<group>"; };
		B6416DCC22DFC47E00620C43 /* UIViewExtension.swift */ = {isa = PBXFileReference; lastKnownFileType = sourcecode.swift; path = UIViewExtension.swift; sourceTree = "<group>"; };
		B64594E022E294B000A6D12F /* CVObject+CoreDataClass.swift */ = {isa = PBXFileReference; lastKnownFileType = sourcecode.swift; path = "CVObject+CoreDataClass.swift"; sourceTree = "<group>"; };
		B64594E122E294B000A6D12F /* CVObject+CoreDataProperties.swift */ = {isa = PBXFileReference; lastKnownFileType = sourcecode.swift; path = "CVObject+CoreDataProperties.swift"; sourceTree = "<group>"; };
		B64594E422E2951300A6D12F /* RawStringArrays.swift */ = {isa = PBXFileReference; lastKnownFileType = sourcecode.swift; path = RawStringArrays.swift; sourceTree = "<group>"; };
		B647740022D6627200450B19 /* CGImagePropertyOrientation+UIImageOrientation.swift */ = {isa = PBXFileReference; fileEncoding = 4; lastKnownFileType = sourcecode.swift; name = "CGImagePropertyOrientation+UIImageOrientation.swift"; path = "../Controller/CGImagePropertyOrientation+UIImageOrientation.swift"; sourceTree = "<group>"; };
		B647740622D663FF00450B19 /* norwester.otf */ = {isa = PBXFileReference; lastKnownFileType = file; path = norwester.otf; sourceTree = "<group>"; };
		B65D829C22F385B500B2C8DD /* RankingVC.swift */ = {isa = PBXFileReference; lastKnownFileType = sourcecode.swift; path = RankingVC.swift; sourceTree = "<group>"; };
		B660A25122FA610500169F4B /* TutorialPageVC.swift */ = {isa = PBXFileReference; lastKnownFileType = sourcecode.swift; path = TutorialPageVC.swift; sourceTree = "<group>"; };
		B690033D22D6922000463FA3 /* PlayerTurn.swift */ = {isa = PBXFileReference; lastKnownFileType = sourcecode.swift; path = PlayerTurn.swift; sourceTree = "<group>"; };
		B69EAF2323C77FD600C589A2 /* UIViewControllerExtension.swift */ = {isa = PBXFileReference; lastKnownFileType = sourcecode.swift; path = UIViewControllerExtension.swift; sourceTree = "<group>"; };
		B6C9753D22F8DA3400E24579 /* HelpVC.xib */ = {isa = PBXFileReference; lastKnownFileType = file.xib; name = HelpVC.xib; path = ../Controller/HelpVC.xib; sourceTree = "<group>"; };
		B6CE39BE22DFC5BA00381792 /* PlayerScore.swift */ = {isa = PBXFileReference; fileEncoding = 4; lastKnownFileType = sourcecode.swift; path = PlayerScore.swift; sourceTree = "<group>"; };
		B6DED8F023BFB58C00D42EB7 /* CameraVideoVC.swift */ = {isa = PBXFileReference; lastKnownFileType = sourcecode.swift; path = CameraVideoVC.swift; sourceTree = "<group>"; };
		B6DED8F223BFC00300D42EB7 /* VisionRecognitionVC.swift */ = {isa = PBXFileReference; lastKnownFileType = sourcecode.swift; path = VisionRecognitionVC.swift; sourceTree = "<group>"; };
		B6DED8F423BFC59000D42EB7 /* YOLOv3.mlmodel */ = {isa = PBXFileReference; lastKnownFileType = file.mlmodel; path = YOLOv3.mlmodel; sourceTree = "<group>"; };
		B6F9F27522C41B09000E95A4 /* VacationChallenge-ML.app */ = {isa = PBXFileReference; explicitFileType = wrapper.application; includeInIndex = 0; path = "VacationChallenge-ML.app"; sourceTree = BUILT_PRODUCTS_DIR; };
		B6F9F27822C41B09000E95A4 /* AppDelegate.swift */ = {isa = PBXFileReference; lastKnownFileType = sourcecode.swift; path = AppDelegate.swift; sourceTree = "<group>"; };
		B6F9F27A22C41B09000E95A4 /* MainMenuVC.swift */ = {isa = PBXFileReference; lastKnownFileType = sourcecode.swift; path = MainMenuVC.swift; sourceTree = "<group>"; };
		B6F9F27D22C41B09000E95A4 /* Base */ = {isa = PBXFileReference; lastKnownFileType = file.storyboard; name = Base; path = Base.lproj/Main.storyboard; sourceTree = "<group>"; };
		B6F9F28022C41B09000E95A4 /* VacationChallenge_ML.xcdatamodel */ = {isa = PBXFileReference; lastKnownFileType = wrapper.xcdatamodel; path = VacationChallenge_ML.xcdatamodel; sourceTree = "<group>"; };
		B6F9F28222C41B0C000E95A4 /* Assets.xcassets */ = {isa = PBXFileReference; lastKnownFileType = folder.assetcatalog; path = Assets.xcassets; sourceTree = "<group>"; };
		B6F9F28522C41B0C000E95A4 /* Base */ = {isa = PBXFileReference; lastKnownFileType = file.storyboard; name = Base; path = Base.lproj/LaunchScreen.storyboard; sourceTree = "<group>"; };
		B6F9F28722C41B0C000E95A4 /* Info.plist */ = {isa = PBXFileReference; lastKnownFileType = text.plist.xml; path = Info.plist; sourceTree = "<group>"; };
		B6FFD31822EE0B5F006631FC /* WinnerVC.swift */ = {isa = PBXFileReference; lastKnownFileType = sourcecode.swift; path = WinnerVC.swift; sourceTree = "<group>"; };
/* End PBXFileReference section */

/* Begin PBXFrameworksBuildPhase section */
		B6F9F27222C41B09000E95A4 /* Frameworks */ = {
			isa = PBXFrameworksBuildPhase;
			buildActionMask = 2147483647;
			files = (
			);
			runOnlyForDeploymentPostprocessing = 0;
		};
/* End PBXFrameworksBuildPhase section */

/* Begin PBXGroup section */
		B6075C1822D66CFC00728A41 /* Helpers */ = {
			isa = PBXGroup;
			children = (
				B647740022D6627200450B19 /* CGImagePropertyOrientation+UIImageOrientation.swift */,
				B6075C1922D66D0E00728A41 /* Helpers.swift */,
				B64594E422E2951300A6D12F /* RawStringArrays.swift */,
			);
			path = Helpers;
			sourceTree = "<group>";
		};
		B6075C1B22D6732000728A41 /* Controller */ = {
			isa = PBXGroup;
			children = (
				B6F9F27A22C41B09000E95A4 /* MainMenuVC.swift */,
				B6075C1C22D6773500728A41 /* GameloopVC.swift */,
				B6075C2122D67AC800728A41 /* HelpVC.swift */,
				B6FFD31822EE0B5F006631FC /* WinnerVC.swift */,
				B65D829C22F385B500B2C8DD /* RankingVC.swift */,
				B660A25122FA610500169F4B /* TutorialPageVC.swift */,
				B6DED8F023BFB58C00D42EB7 /* CameraVideoVC.swift */,
				B6DED8F223BFC00300D42EB7 /* VisionRecognitionVC.swift */,
			);
			path = Controller;
			sourceTree = "<group>";
		};
		B6075C2022D67A8B00728A41 /* XIB's */ = {
			isa = PBXGroup;
			children = (
				B6C9753D22F8DA3400E24579 /* HelpVC.xib */,
			);
			path = "XIB's";
			sourceTree = "<group>";
		};
		B64773FD22D661F000450B19 /* Supporting Files */ = {
			isa = PBXGroup;
			children = (
				B6F9F28222C41B0C000E95A4 /* Assets.xcassets */,
				B6F9F28722C41B0C000E95A4 /* Info.plist */,
				B6F9F28422C41B0C000E95A4 /* LaunchScreen.storyboard */,
			);
			path = "Supporting Files";
			sourceTree = "<group>";
		};
		B647740522D663BF00450B19 /* Fonts */ = {
			isa = PBXGroup;
			children = (
				B647740622D663FF00450B19 /* norwester.otf */,
			);
			path = Fonts;
			sourceTree = "<group>";
		};
		B647740A22D6666400450B19 /* View */ = {
			isa = PBXGroup;
			children = (
				B6075C1E22D6796B00728A41 /* RoundedButton.swift */,
				B6075C2522D67B0A00728A41 /* RoundedPopupView.swift */,
				B690033D22D6922000463FA3 /* PlayerTurn.swift */,
				B6CE39BE22DFC5BA00381792 /* PlayerScore.swift */,
				B627830A23C78E5B00030D63 /* ShadowedViews.swift */,
				B635B68C23D8E39900F49645 /* ScoreEarnedView.swift */,
			);
			path = View;
			sourceTree = "<group>";
		};
		B65D829922F21C4600B2C8DD /* MLModels */ = {
			isa = PBXGroup;
			children = (
				B6DED8F423BFC59000D42EB7 /* YOLOv3.mlmodel */,
			);
			path = MLModels;
			sourceTree = "<group>";
		};
		B6A3CFF922DFC26D008451A2 /* Extensions */ = {
			isa = PBXGroup;
			children = (
				B6416DCC22DFC47E00620C43 /* UIViewExtension.swift */,
				B69EAF2323C77FD600C589A2 /* UIViewControllerExtension.swift */,
			);
			path = Extensions;
			sourceTree = "<group>";
		};
		B6CE39C422E2943600381792 /* Model */ = {
			isa = PBXGroup;
			children = (
				B64035E422F39083005A5ECB /* CDPlayer+CoreDataClass.swift */,
				B64035E522F39083005A5ECB /* CDPlayer+CoreDataProperties.swift */,
				B64594E022E294B000A6D12F /* CVObject+CoreDataClass.swift */,
				B64594E122E294B000A6D12F /* CVObject+CoreDataProperties.swift */,
			);
			path = Model;
			sourceTree = "<group>";
		};
		B6F9F26C22C41B09000E95A4 = {
			isa = PBXGroup;
			children = (
				B6F9F27722C41B09000E95A4 /* VacationChallenge-ML */,
				B6F9F27622C41B09000E95A4 /* Products */,
			);
			sourceTree = "<group>";
		};
		B6F9F27622C41B09000E95A4 /* Products */ = {
			isa = PBXGroup;
			children = (
				B6F9F27522C41B09000E95A4 /* VacationChallenge-ML.app */,
			);
			name = Products;
			sourceTree = "<group>";
		};
		B6F9F27722C41B09000E95A4 /* VacationChallenge-ML */ = {
			isa = PBXGroup;
			children = (
				B65D829922F21C4600B2C8DD /* MLModels */,
				B6CE39C422E2943600381792 /* Model */,
				B6A3CFF922DFC26D008451A2 /* Extensions */,
				B6075C2022D67A8B00728A41 /* XIB's */,
				B6075C1B22D6732000728A41 /* Controller */,
				B6075C1822D66CFC00728A41 /* Helpers */,
				B647740A22D6666400450B19 /* View */,
				B647740522D663BF00450B19 /* Fonts */,
				B64773FD22D661F000450B19 /* Supporting Files */,
				B6F9F27822C41B09000E95A4 /* AppDelegate.swift */,
				B6F9F27C22C41B09000E95A4 /* Main.storyboard */,
				B6F9F27F22C41B09000E95A4 /* VacationChallenge_ML.xcdatamodeld */,
			);
			path = "VacationChallenge-ML";
			sourceTree = "<group>";
		};
/* End PBXGroup section */

/* Begin PBXNativeTarget section */
		B6F9F27422C41B09000E95A4 /* VacationChallenge-ML */ = {
			isa = PBXNativeTarget;
			buildConfigurationList = B6F9F28A22C41B0C000E95A4 /* Build configuration list for PBXNativeTarget "VacationChallenge-ML" */;
			buildPhases = (
				B6F9F27122C41B09000E95A4 /* Sources */,
				B6F9F27222C41B09000E95A4 /* Frameworks */,
				B6F9F27322C41B09000E95A4 /* Resources */,
			);
			buildRules = (
			);
			dependencies = (
			);
			name = "VacationChallenge-ML";
			productName = "VacationChallenge-ML";
			productReference = B6F9F27522C41B09000E95A4 /* VacationChallenge-ML.app */;
			productType = "com.apple.product-type.application";
		};
/* End PBXNativeTarget section */

/* Begin PBXProject section */
		B6F9F26D22C41B09000E95A4 /* Project object */ = {
			isa = PBXProject;
			attributes = {
				LastSwiftUpdateCheck = 1020;
				LastUpgradeCheck = 1020;
				ORGANIZATIONNAME = Academy;
				TargetAttributes = {
					B6F9F27422C41B09000E95A4 = {
						CreatedOnToolsVersion = 10.2.1;
					};
				};
			};
			buildConfigurationList = B6F9F27022C41B09000E95A4 /* Build configuration list for PBXProject "VacationChallenge-ML" */;
			compatibilityVersion = "Xcode 9.3";
			developmentRegion = en;
			hasScannedForEncodings = 0;
			knownRegions = (
				en,
				Base,
			);
			mainGroup = B6F9F26C22C41B09000E95A4;
			productRefGroup = B6F9F27622C41B09000E95A4 /* Products */;
			projectDirPath = "";
			projectRoot = "";
			targets = (
				B6F9F27422C41B09000E95A4 /* VacationChallenge-ML */,
			);
		};
/* End PBXProject section */

/* Begin PBXResourcesBuildPhase section */
		B6F9F27322C41B09000E95A4 /* Resources */ = {
			isa = PBXResourcesBuildPhase;
			buildActionMask = 2147483647;
			files = (
				B6C9753F22F8DA3400E24579 /* HelpVC.xib in Resources */,
				B647740422D662C600450B19 /* LaunchScreen.storyboard in Resources */,
				B647740722D663FF00450B19 /* norwester.otf in Resources */,
				B6F9F28322C41B0C000E95A4 /* Assets.xcassets in Resources */,
				B6F9F27E22C41B09000E95A4 /* Main.storyboard in Resources */,
			);
			runOnlyForDeploymentPostprocessing = 0;
		};
/* End PBXResourcesBuildPhase section */

/* Begin PBXSourcesBuildPhase section */
		B6F9F27122C41B09000E95A4 /* Sources */ = {
			isa = PBXSourcesBuildPhase;
			buildActionMask = 2147483647;
			files = (
				B64594E522E2951300A6D12F /* RawStringArrays.swift in Sources */,
				B6075C1D22D6773500728A41 /* GameloopVC.swift in Sources */,
				B6F9F27B22C41B09000E95A4 /* MainMenuVC.swift in Sources */,
				B6416DCD22DFC47E00620C43 /* UIViewExtension.swift in Sources */,
				B635B68D23D8E39900F49645 /* ScoreEarnedView.swift in Sources */,
				B6FFD31A22EE0B5F006631FC /* WinnerVC.swift in Sources */,
				B64594E222E294B000A6D12F /* CVObject+CoreDataClass.swift in Sources */,
				B64594E322E294B000A6D12F /* CVObject+CoreDataProperties.swift in Sources */,
				B690033E22D6922000463FA3 /* PlayerTurn.swift in Sources */,
				B627830B23C78E5B00030D63 /* ShadowedViews.swift in Sources */,
				B65D829D22F385B500B2C8DD /* RankingVC.swift in Sources */,
				B660A25222FA610500169F4B /* TutorialPageVC.swift in Sources */,
				B6075C2322D67AC800728A41 /* HelpVC.swift in Sources */,
				B6075C1A22D66D0E00728A41 /* Helpers.swift in Sources */,
				B69EAF2423C77FD600C589A2 /* UIViewControllerExtension.swift in Sources */,
				B6F9F28122C41B09000E95A4 /* VacationChallenge_ML.xcdatamodeld in Sources */,
				B6075C1F22D6796B00728A41 /* RoundedButton.swift in Sources */,
				B6075C2622D67B0A00728A41 /* RoundedPopupView.swift in Sources */,
				B6DED8F523BFC59000D42EB7 /* YOLOv3.mlmodel in Sources */,
				B6F9F27922C41B09000E95A4 /* AppDelegate.swift in Sources */,
				B647740122D6627200450B19 /* CGImagePropertyOrientation+UIImageOrientation.swift in Sources */,
				B6DED8F323BFC00300D42EB7 /* VisionRecognitionVC.swift in Sources */,
				B6CE39BF22DFC5BA00381792 /* PlayerScore.swift in Sources */,
				B6DED8F123BFB58C00D42EB7 /* CameraVideoVC.swift in Sources */,
			);
			runOnlyForDeploymentPostprocessing = 0;
		};
/* End PBXSourcesBuildPhase section */

/* Begin PBXVariantGroup section */
		B6F9F27C22C41B09000E95A4 /* Main.storyboard */ = {
			isa = PBXVariantGroup;
			children = (
				B6F9F27D22C41B09000E95A4 /* Base */,
			);
			name = Main.storyboard;
			sourceTree = "<group>";
		};
		B6F9F28422C41B0C000E95A4 /* LaunchScreen.storyboard */ = {
			isa = PBXVariantGroup;
			children = (
				B6F9F28522C41B0C000E95A4 /* Base */,
			);
			name = LaunchScreen.storyboard;
			sourceTree = "<group>";
		};
/* End PBXVariantGroup section */

/* Begin XCBuildConfiguration section */
		B6F9F28822C41B0C000E95A4 /* Debug */ = {
			isa = XCBuildConfiguration;
			buildSettings = {
				ALWAYS_SEARCH_USER_PATHS = NO;
				CLANG_ANALYZER_NONNULL = YES;
				CLANG_ANALYZER_NUMBER_OBJECT_CONVERSION = YES_AGGRESSIVE;
				CLANG_CXX_LANGUAGE_STANDARD = "gnu++14";
				CLANG_CXX_LIBRARY = "libc++";
				CLANG_ENABLE_MODULES = YES;
				CLANG_ENABLE_OBJC_ARC = YES;
				CLANG_ENABLE_OBJC_WEAK = YES;
				CLANG_WARN_BLOCK_CAPTURE_AUTORELEASING = YES;
				CLANG_WARN_BOOL_CONVERSION = YES;
				CLANG_WARN_COMMA = YES;
				CLANG_WARN_CONSTANT_CONVERSION = YES;
				CLANG_WARN_DEPRECATED_OBJC_IMPLEMENTATIONS = YES;
				CLANG_WARN_DIRECT_OBJC_ISA_USAGE = YES_ERROR;
				CLANG_WARN_DOCUMENTATION_COMMENTS = YES;
				CLANG_WARN_EMPTY_BODY = YES;
				CLANG_WARN_ENUM_CONVERSION = YES;
				CLANG_WARN_INFINITE_RECURSION = YES;
				CLANG_WARN_INT_CONVERSION = YES;
				CLANG_WARN_NON_LITERAL_NULL_CONVERSION = YES;
				CLANG_WARN_OBJC_IMPLICIT_RETAIN_SELF = YES;
				CLANG_WARN_OBJC_LITERAL_CONVERSION = YES;
				CLANG_WARN_OBJC_ROOT_CLASS = YES_ERROR;
				CLANG_WARN_RANGE_LOOP_ANALYSIS = YES;
				CLANG_WARN_STRICT_PROTOTYPES = YES;
				CLANG_WARN_SUSPICIOUS_MOVE = YES;
				CLANG_WARN_UNGUARDED_AVAILABILITY = YES_AGGRESSIVE;
				CLANG_WARN_UNREACHABLE_CODE = YES;
				CLANG_WARN__DUPLICATE_METHOD_MATCH = YES;
				CODE_SIGN_IDENTITY = "iPhone Developer";
				COPY_PHASE_STRIP = NO;
				DEBUG_INFORMATION_FORMAT = dwarf;
				ENABLE_STRICT_OBJC_MSGSEND = YES;
				ENABLE_TESTABILITY = YES;
				GCC_C_LANGUAGE_STANDARD = gnu11;
				GCC_DYNAMIC_NO_PIC = NO;
				GCC_NO_COMMON_BLOCKS = YES;
				GCC_OPTIMIZATION_LEVEL = 0;
				GCC_PREPROCESSOR_DEFINITIONS = (
					"DEBUG=1",
					"$(inherited)",
				);
				GCC_WARN_64_TO_32_BIT_CONVERSION = YES;
				GCC_WARN_ABOUT_RETURN_TYPE = YES_ERROR;
				GCC_WARN_UNDECLARED_SELECTOR = YES;
				GCC_WARN_UNINITIALIZED_AUTOS = YES_AGGRESSIVE;
				GCC_WARN_UNUSED_FUNCTION = YES;
				GCC_WARN_UNUSED_VARIABLE = YES;
				IPHONEOS_DEPLOYMENT_TARGET = 12.2;
				MTL_ENABLE_DEBUG_INFO = INCLUDE_SOURCE;
				MTL_FAST_MATH = YES;
				ONLY_ACTIVE_ARCH = YES;
				SDKROOT = iphoneos;
				SWIFT_ACTIVE_COMPILATION_CONDITIONS = DEBUG;
				SWIFT_OPTIMIZATION_LEVEL = "-Onone";
			};
			name = Debug;
		};
		B6F9F28922C41B0C000E95A4 /* Release */ = {
			isa = XCBuildConfiguration;
			buildSettings = {
				ALWAYS_SEARCH_USER_PATHS = NO;
				CLANG_ANALYZER_NONNULL = YES;
				CLANG_ANALYZER_NUMBER_OBJECT_CONVERSION = YES_AGGRESSIVE;
				CLANG_CXX_LANGUAGE_STANDARD = "gnu++14";
				CLANG_CXX_LIBRARY = "libc++";
				CLANG_ENABLE_MODULES = YES;
				CLANG_ENABLE_OBJC_ARC = YES;
				CLANG_ENABLE_OBJC_WEAK = YES;
				CLANG_WARN_BLOCK_CAPTURE_AUTORELEASING = YES;
				CLANG_WARN_BOOL_CONVERSION = YES;
				CLANG_WARN_COMMA = YES;
				CLANG_WARN_CONSTANT_CONVERSION = YES;
				CLANG_WARN_DEPRECATED_OBJC_IMPLEMENTATIONS = YES;
				CLANG_WARN_DIRECT_OBJC_ISA_USAGE = YES_ERROR;
				CLANG_WARN_DOCUMENTATION_COMMENTS = YES;
				CLANG_WARN_EMPTY_BODY = YES;
				CLANG_WARN_ENUM_CONVERSION = YES;
				CLANG_WARN_INFINITE_RECURSION = YES;
				CLANG_WARN_INT_CONVERSION = YES;
				CLANG_WARN_NON_LITERAL_NULL_CONVERSION = YES;
				CLANG_WARN_OBJC_IMPLICIT_RETAIN_SELF = YES;
				CLANG_WARN_OBJC_LITERAL_CONVERSION = YES;
				CLANG_WARN_OBJC_ROOT_CLASS = YES_ERROR;
				CLANG_WARN_RANGE_LOOP_ANALYSIS = YES;
				CLANG_WARN_STRICT_PROTOTYPES = YES;
				CLANG_WARN_SUSPICIOUS_MOVE = YES;
				CLANG_WARN_UNGUARDED_AVAILABILITY = YES_AGGRESSIVE;
				CLANG_WARN_UNREACHABLE_CODE = YES;
				CLANG_WARN__DUPLICATE_METHOD_MATCH = YES;
				CODE_SIGN_IDENTITY = "iPhone Developer";
				COPY_PHASE_STRIP = NO;
				DEBUG_INFORMATION_FORMAT = "dwarf-with-dsym";
				ENABLE_NS_ASSERTIONS = NO;
				ENABLE_STRICT_OBJC_MSGSEND = YES;
				GCC_C_LANGUAGE_STANDARD = gnu11;
				GCC_NO_COMMON_BLOCKS = YES;
				GCC_WARN_64_TO_32_BIT_CONVERSION = YES;
				GCC_WARN_ABOUT_RETURN_TYPE = YES_ERROR;
				GCC_WARN_UNDECLARED_SELECTOR = YES;
				GCC_WARN_UNINITIALIZED_AUTOS = YES_AGGRESSIVE;
				GCC_WARN_UNUSED_FUNCTION = YES;
				GCC_WARN_UNUSED_VARIABLE = YES;
				IPHONEOS_DEPLOYMENT_TARGET = 12.2;
				MTL_ENABLE_DEBUG_INFO = NO;
				MTL_FAST_MATH = YES;
				SDKROOT = iphoneos;
				SWIFT_COMPILATION_MODE = wholemodule;
				SWIFT_OPTIMIZATION_LEVEL = "-O";
				VALIDATE_PRODUCT = YES;
			};
			name = Release;
		};
		B6F9F28B22C41B0C000E95A4 /* Debug */ = {
			isa = XCBuildConfiguration;
			buildSettings = {
				ASSETCATALOG_COMPILER_APPICON_NAME = AppIcon;
				CODE_SIGN_STYLE = Automatic;
				CURRENT_PROJECT_VERSION = 2;
				DEVELOPMENT_TEAM = 87G2Y58K9U;
				INFOPLIST_FILE = "VacationChallenge-ML/Supporting Files/Info.plist";
				IPHONEOS_DEPLOYMENT_TARGET = 12.0;
				LD_RUNPATH_SEARCH_PATHS = (
					"$(inherited)",
					"@executable_path/Frameworks",
				);
				MARKETING_VERSION = 2.0;
				PRODUCT_BUNDLE_IDENTIFIER = "com.academy.VacationChallenge-ML";
				PRODUCT_NAME = "$(TARGET_NAME)";
				SWIFT_VERSION = 5.0;
				TARGETED_DEVICE_FAMILY = "1,2";
			};
			name = Debug;
		};
		B6F9F28C22C41B0C000E95A4 /* Release */ = {
			isa = XCBuildConfiguration;
			buildSettings = {
				ASSETCATALOG_COMPILER_APPICON_NAME = AppIcon;
				CODE_SIGN_STYLE = Automatic;
				CURRENT_PROJECT_VERSION = 2;
				DEVELOPMENT_TEAM = 87G2Y58K9U;
				INFOPLIST_FILE = "VacationChallenge-ML/Supporting Files/Info.plist";
				IPHONEOS_DEPLOYMENT_TARGET = 12.0;
				LD_RUNPATH_SEARCH_PATHS = (
					"$(inherited)",
					"@executable_path/Frameworks",
				);
				MARKETING_VERSION = 2.0;
				PRODUCT_BUNDLE_IDENTIFIER = "com.academy.VacationChallenge-ML";
				PRODUCT_NAME = "$(TARGET_NAME)";
				SWIFT_VERSION = 5.0;
				TARGETED_DEVICE_FAMILY = "1,2";
			};
			name = Release;
		};
/* End XCBuildConfiguration section */

/* Begin XCConfigurationList section */
		B6F9F27022C41B09000E95A4 /* Build configuration list for PBXProject "VacationChallenge-ML" */ = {
			isa = XCConfigurationList;
			buildConfigurations = (
				B6F9F28822C41B0C000E95A4 /* Debug */,
				B6F9F28922C41B0C000E95A4 /* Release */,
			);
			defaultConfigurationIsVisible = 0;
			defaultConfigurationName = Release;
		};
		B6F9F28A22C41B0C000E95A4 /* Build configuration list for PBXNativeTarget "VacationChallenge-ML" */ = {
			isa = XCConfigurationList;
			buildConfigurations = (
				B6F9F28B22C41B0C000E95A4 /* Debug */,
				B6F9F28C22C41B0C000E95A4 /* Release */,
			);
			defaultConfigurationIsVisible = 0;
			defaultConfigurationName = Release;
		};
/* End XCConfigurationList section */

/* Begin XCVersionGroup section */
		B6F9F27F22C41B09000E95A4 /* VacationChallenge_ML.xcdatamodeld */ = {
			isa = XCVersionGroup;
			children = (
				B6F9F28022C41B09000E95A4 /* VacationChallenge_ML.xcdatamodel */,
			);
			currentVersion = B6F9F28022C41B09000E95A4 /* VacationChallenge_ML.xcdatamodel */;
			path = VacationChallenge_ML.xcdatamodeld;
			sourceTree = "<group>";
			versionGroupType = wrapper.xcdatamodel;
		};
/* End XCVersionGroup section */
	};
	rootObject = B6F9F26D22C41B09000E95A4 /* Project object */;
}
